{
  "name": "html",
  "lockfileVersion": 3,
  "requires": true,
  "packages": {
    "": {
      "dependencies": {
        "blazy": "^1.8.2"
      }
    },
    "node_modules/blazy": {
      "version": "1.8.2",
      "resolved": "https://registry.npmjs.org/blazy/-/blazy-1.8.2.tgz",
      "integrity": "sha512-9Bh4a3aRpag6jL9JL+JSml7+VEEOLrHprA+AvWQQmS4W+UsnI/915HPsHDP4NWGxcQ9t45Xu2Nb8Dl0tftaBmA==",
      "license": "MIT"
    }
  }
}
